
Microsoft Visual Studio Solution File, Format Version 12.00
# Visual Studio Version 17
VisualStudioVersion = 17.2.32630.192
MinimumVisualStudioVersion = 10.0.40219.1
Project("{FAE04EC0-301F-11D3-BF4B-00C04F79EFBC}") = "BoxesProject", "BoxesProject\BoxesProject.csproj", "{0189512F-A475-4867-B2CF-07288EA2DBD8}"
EndProject
Project("{FAE04EC0-301F-11D3-BF4B-00C04F79EFBC}") = "Models", "Models\Models.csproj", "{A58DEF5B-1886-47B8-9361-EEE6862910EE}"
EndProject
Global
	GlobalSection(SolutionConfigurationPlatforms) = preSolution
		Debug|Any CPU = Debug|Any CPU
		Release|Any CPU = Release|Any CPU
	EndGlobalSection
	GlobalSection(ProjectConfigurationPlatforms) = postSolution
		{0189512F-A475-4867-B2CF-07288EA2DBD8}.Debug|Any CPU.ActiveCfg = Debug|Any CPU
		{0189512F-A475-4867-B2CF-07288EA2DBD8}.Debug|Any CPU.Build.0 = Debug|Any CPU
		{0189512F-A475-4867-B2CF-07288EA2DBD8}.Release|Any CPU.ActiveCfg = Release|Any CPU
		{0189512F-A475-4867-B2CF-07288EA2DBD8}.Release|Any CPU.Build.0 = Release|Any CPU
		{A58DEF5B-1886-47B8-9361-EEE6862910EE}.Debug|Any CPU.ActiveCfg = Debug|Any CPU
		{A58DEF5B-1886-47B8-9361-EEE6862910EE}.Debug|Any CPU.Build.0 = Debug|Any CPU
		{A58DEF5B-1886-47B8-9361-EEE6862910EE}.Release|Any CPU.ActiveCfg = Release|Any CPU
		{A58DEF5B-1886-47B8-9361-EEE6862910EE}.Release|Any CPU.Build.0 = Release|Any CPU
	EndGlobalSection
	GlobalSection(SolutionProperties) = preSolution
		HideSolutionNode = FALSE
	EndGlobalSection
	GlobalSection(ExtensibilityGlobals) = postSolution
		SolutionGuid = {51EFC4E0-25BD-4C43-83F6-0DAC2B8DC2F6}
	EndGlobalSection
EndGlobal
